
Microsoft Visual Studio Solution File, Format Version 12.00
# Visual Studio 2013
VisualStudioVersion = 12.0.31101.0
MinimumVisualStudioVersion = 10.0.40219.1
Project("{FAE04EC0-301F-11D3-BF4B-00C04F79EFBC}") = "CrossFeaturesXamarin", "CrossFeaturesXamarin\CrossFeaturesXamarin\CrossFeaturesXamarin.csproj", "{AF0791F5-386E-4DE3-80AC-C1E8FC7EA7E0}"
EndProject
Project("{FAE04EC0-301F-11D3-BF4B-00C04F79EFBC}") = "CrossFeaturesXamarin.iOS", "CrossFeaturesXamarin\CrossFeaturesXamarin.iOS\CrossFeaturesXamarin.iOS.csproj", "{07DE8E9D-8F47-425A-901E-E9B5ECF4EC3B}"
EndProject
Project("{FAE04EC0-301F-11D3-BF4B-00C04F79EFBC}") = "CrossFeaturesXamarin.Droid", "CrossFeaturesXamarin\CrossFeaturesXamarin.Droid\CrossFeaturesXamarin.Droid.csproj", "{6448F1D2-F9B6-429F-8B59-7FE8C6340B47}"
EndProject
Global
	GlobalSection(SolutionConfigurationPlatforms) = preSolution
		Ad-Hoc|Any CPU = Ad-Hoc|Any CPU
		Ad-Hoc|iPhone = Ad-Hoc|iPhone
		Ad-Hoc|iPhoneSimulator = Ad-Hoc|iPhoneSimulator
		Ad-Hoc|Mixed Platforms = Ad-Hoc|Mixed Platforms
		AppStore|Any CPU = AppStore|Any CPU
		AppStore|iPhone = AppStore|iPhone
		AppStore|iPhoneSimulator = AppStore|iPhoneSimulator
		AppStore|Mixed Platforms = AppStore|Mixed Platforms
		Debug|Any CPU = Debug|Any CPU
		Debug|iPhone = Debug|iPhone
		Debug|iPhoneSimulator = Debug|iPhoneSimulator
		Debug|Mixed Platforms = Debug|Mixed Platforms
		Release|Any CPU = Release|Any CPU
		Release|iPhone = Release|iPhone
		Release|iPhoneSimulator = Release|iPhoneSimulator
		Release|Mixed Platforms = Release|Mixed Platforms
	EndGlobalSection
	GlobalSection(ProjectConfigurationPlatforms) = postSolution
		{AF0791F5-386E-4DE3-80AC-C1E8FC7EA7E0}.Ad-Hoc|Any CPU.ActiveCfg = Release|Any CPU
		{AF0791F5-386E-4DE3-80AC-C1E8FC7EA7E0}.Ad-Hoc|Any CPU.Build.0 = Release|Any CPU
		{AF0791F5-386E-4DE3-80AC-C1E8FC7EA7E0}.Ad-Hoc|iPhone.ActiveCfg = Release|Any CPU
		{AF0791F5-386E-4DE3-80AC-C1E8FC7EA7E0}.Ad-Hoc|iPhoneSimulator.ActiveCfg = Release|Any CPU
		{AF0791F5-386E-4DE3-80AC-C1E8FC7EA7E0}.Ad-Hoc|Mixed Platforms.ActiveCfg = Release|Any CPU
		{AF0791F5-386E-4DE3-80AC-C1E8FC7EA7E0}.Ad-Hoc|Mixed Platforms.Build.0 = Release|Any CPU
		{AF0791F5-386E-4DE3-80AC-C1E8FC7EA7E0}.AppStore|Any CPU.ActiveCfg = Release|Any CPU
		{AF0791F5-386E-4DE3-80AC-C1E8FC7EA7E0}.AppStore|Any CPU.Build.0 = Release|Any CPU
		{AF0791F5-386E-4DE3-80AC-C1E8FC7EA7E0}.AppStore|iPhone.ActiveCfg = Release|Any CPU
		{AF0791F5-386E-4DE3-80AC-C1E8FC7EA7E0}.AppStore|iPhoneSimulator.ActiveCfg = Release|Any CPU
		{AF0791F5-386E-4DE3-80AC-C1E8FC7EA7E0}.AppStore|Mixed Platforms.ActiveCfg = Release|Any CPU
		{AF0791F5-386E-4DE3-80AC-C1E8FC7EA7E0}.AppStore|Mixed Platforms.Build.0 = Release|Any CPU
		{AF0791F5-386E-4DE3-80AC-C1E8FC7EA7E0}.Debug|Any CPU.ActiveCfg = Debug|Any CPU
		{AF0791F5-386E-4DE3-80AC-C1E8FC7EA7E0}.Debug|Any CPU.Build.0 = Debug|Any CPU
		{AF0791F5-386E-4DE3-80AC-C1E8FC7EA7E0}.Debug|iPhone.ActiveCfg = Debug|Any CPU
		{AF0791F5-386E-4DE3-80AC-C1E8FC7EA7E0}.Debug|iPhoneSimulator.ActiveCfg = Debug|Any CPU
		{AF0791F5-386E-4DE3-80AC-C1E8FC7EA7E0}.Debug|Mixed Platforms.ActiveCfg = Debug|Any CPU
		{AF0791F5-386E-4DE3-80AC-C1E8FC7EA7E0}.Debug|Mixed Platforms.Build.0 = Debug|Any CPU
		{AF0791F5-386E-4DE3-80AC-C1E8FC7EA7E0}.Release|Any CPU.ActiveCfg = Release|Any CPU
		{AF0791F5-386E-4DE3-80AC-C1E8FC7EA7E0}.Release|Any CPU.Build.0 = Release|Any CPU
		{AF0791F5-386E-4DE3-80AC-C1E8FC7EA7E0}.Release|iPhone.ActiveCfg = Release|Any CPU
		{AF0791F5-386E-4DE3-80AC-C1E8FC7EA7E0}.Release|iPhoneSimulator.ActiveCfg = Release|Any CPU
		{AF0791F5-386E-4DE3-80AC-C1E8FC7EA7E0}.Release|Mixed Platforms.ActiveCfg = Release|Any CPU
		{AF0791F5-386E-4DE3-80AC-C1E8FC7EA7E0}.Release|Mixed Platforms.Build.0 = Release|Any CPU
		{07DE8E9D-8F47-425A-901E-E9B5ECF4EC3B}.Ad-Hoc|Any CPU.ActiveCfg = Ad-Hoc|iPhone
		{07DE8E9D-8F47-425A-901E-E9B5ECF4EC3B}.Ad-Hoc|iPhone.ActiveCfg = Ad-Hoc|iPhone
		{07DE8E9D-8F47-425A-901E-E9B5ECF4EC3B}.Ad-Hoc|iPhone.Build.0 = Ad-Hoc|iPhone
		{07DE8E9D-8F47-425A-901E-E9B5ECF4EC3B}.Ad-Hoc|iPhoneSimulator.ActiveCfg = Ad-Hoc|iPhoneSimulator
		{07DE8E9D-8F47-425A-901E-E9B5ECF4EC3B}.Ad-Hoc|iPhoneSimulator.Build.0 = Ad-Hoc|iPhoneSimulator
		{07DE8E9D-8F47-425A-901E-E9B5ECF4EC3B}.Ad-Hoc|Mixed Platforms.ActiveCfg = Ad-Hoc|iPhone
		{07DE8E9D-8F47-425A-901E-E9B5ECF4EC3B}.Ad-Hoc|Mixed Platforms.Build.0 = Ad-Hoc|iPhone
		{07DE8E9D-8F47-425A-901E-E9B5ECF4EC3B}.AppStore|Any CPU.ActiveCfg = AppStore|iPhone
		{07DE8E9D-8F47-425A-901E-E9B5ECF4EC3B}.AppStore|iPhone.ActiveCfg = AppStore|iPhone
		{07DE8E9D-8F47-425A-901E-E9B5ECF4EC3B}.AppStore|iPhone.Build.0 = AppStore|iPhone
		{07DE8E9D-8F47-425A-901E-E9B5ECF4EC3B}.AppStore|iPhoneSimulator.ActiveCfg = AppStore|iPhoneSimulator
		{07DE8E9D-8F47-425A-901E-E9B5ECF4EC3B}.AppStore|iPhoneSimulator.Build.0 = AppStore|iPhoneSimulator
		{07DE8E9D-8F47-425A-901E-E9B5ECF4EC3B}.AppStore|Mixed Platforms.ActiveCfg = AppStore|iPhone
		{07DE8E9D-8F47-425A-901E-E9B5ECF4EC3B}.AppStore|Mixed Platforms.Build.0 = AppStore|iPhone
		{07DE8E9D-8F47-425A-901E-E9B5ECF4EC3B}.Debug|Any CPU.ActiveCfg = Debug|iPhone
		{07DE8E9D-8F47-425A-901E-E9B5ECF4EC3B}.Debug|iPhone.ActiveCfg = Debug|iPhone
		{07DE8E9D-8F47-425A-901E-E9B5ECF4EC3B}.Debug|iPhone.Build.0 = Debug|iPhone
		{07DE8E9D-8F47-425A-901E-E9B5ECF4EC3B}.Debug|iPhoneSimulator.ActiveCfg = Debug|iPhoneSimulator
		{07DE8E9D-8F47-425A-901E-E9B5ECF4EC3B}.Debug|iPhoneSimulator.Build.0 = Debug|iPhoneSimulator
		{07DE8E9D-8F47-425A-901E-E9B5ECF4EC3B}.Debug|Mixed Platforms.ActiveCfg = Debug|iPhone
		{07DE8E9D-8F47-425A-901E-E9B5ECF4EC3B}.Debug|Mixed Platforms.Build.0 = Debug|iPhone
		{07DE8E9D-8F47-425A-901E-E9B5ECF4EC3B}.Release|Any CPU.ActiveCfg = Release|iPhone
		{07DE8E9D-8F47-425A-901E-E9B5ECF4EC3B}.Release|iPhone.ActiveCfg = Release|iPhone
		{07DE8E9D-8F47-425A-901E-E9B5ECF4EC3B}.Release|iPhone.Build.0 = Release|iPhone
		{07DE8E9D-8F47-425A-901E-E9B5ECF4EC3B}.Release|iPhoneSimulator.ActiveCfg = Release|iPhoneSimulator
		{07DE8E9D-8F47-425A-901E-E9B5ECF4EC3B}.Release|iPhoneSimulator.Build.0 = Release|iPhoneSimulator
		{07DE8E9D-8F47-425A-901E-E9B5ECF4EC3B}.Release|Mixed Platforms.ActiveCfg = Release|iPhone
		{07DE8E9D-8F47-425A-901E-E9B5ECF4EC3B}.Release|Mixed Platforms.Build.0 = Release|iPhone
		{6448F1D2-F9B6-429F-8B59-7FE8C6340B47}.Ad-Hoc|Any CPU.ActiveCfg = Release|Any CPU
		{6448F1D2-F9B6-429F-8B59-7FE8C6340B47}.Ad-Hoc|Any CPU.Build.0 = Release|Any CPU
		{6448F1D2-F9B6-429F-8B59-7FE8C6340B47}.Ad-Hoc|Any CPU.Deploy.0 = Release|Any CPU
		{6448F1D2-F9B6-429F-8B59-7FE8C6340B47}.Ad-Hoc|iPhone.ActiveCfg = Release|Any CPU
		{6448F1D2-F9B6-429F-8B59-7FE8C6340B47}.Ad-Hoc|iPhoneSimulator.ActiveCfg = Release|Any CPU
		{6448F1D2-F9B6-429F-8B59-7FE8C6340B47}.Ad-Hoc|Mixed Platforms.ActiveCfg = Release|Any CPU
		{6448F1D2-F9B6-429F-8B59-7FE8C6340B47}.Ad-Hoc|Mixed Platforms.Build.0 = Release|Any CPU
		{6448F1D2-F9B6-429F-8B59-7FE8C6340B47}.Ad-Hoc|Mixed Platforms.Deploy.0 = Release|Any CPU
		{6448F1D2-F9B6-429F-8B59-7FE8C6340B47}.AppStore|Any CPU.ActiveCfg = Release|Any CPU
		{6448F1D2-F9B6-429F-8B59-7FE8C6340B47}.AppStore|Any CPU.Build.0 = Release|Any CPU
		{6448F1D2-F9B6-429F-8B59-7FE8C6340B47}.AppStore|Any CPU.Deploy.0 = Release|Any CPU
		{6448F1D2-F9B6-429F-8B59-7FE8C6340B47}.AppStore|iPhone.ActiveCfg = Release|Any CPU
		{6448F1D2-F9B6-429F-8B59-7FE8C6340B47}.AppStore|iPhoneSimulator.ActiveCfg = Release|Any CPU
		{6448F1D2-F9B6-429F-8B59-7FE8C6340B47}.AppStore|Mixed Platforms.ActiveCfg = Release|Any CPU
		{6448F1D2-F9B6-429F-8B59-7FE8C6340B47}.AppStore|Mixed Platforms.Build.0 = Release|Any CPU
		{6448F1D2-F9B6-429F-8B59-7FE8C6340B47}.AppStore|Mixed Platforms.Deploy.0 = Release|Any CPU
		{6448F1D2-F9B6-429F-8B59-7FE8C6340B47}.Debug|Any CPU.ActiveCfg = Debug|Any CPU
		{6448F1D2-F9B6-429F-8B59-7FE8C6340B47}.Debug|Any CPU.Build.0 = Debug|Any CPU
		{6448F1D2-F9B6-429F-8B59-7FE8C6340B47}.Debug|Any CPU.Deploy.0 = Debug|Any CPU
		{6448F1D2-F9B6-429F-8B59-7FE8C6340B47}.Debug|iPhone.ActiveCfg = Debug|Any CPU
		{6448F1D2-F9B6-429F-8B59-7FE8C6340B47}.Debug|iPhoneSimulator.ActiveCfg = Debug|Any CPU
		{6448F1D2-F9B6-429F-8B59-7FE8C6340B47}.Debug|Mixed Platforms.ActiveCfg = Debug|Any CPU
		{6448F1D2-F9B6-429F-8B59-7FE8C6340B47}.Debug|Mixed Platforms.Build.0 = Debug|Any CPU
		{6448F1D2-F9B6-429F-8B59-7FE8C6340B47}.Debug|Mixed Platforms.Deploy.0 = Debug|Any CPU
		{6448F1D2-F9B6-429F-8B59-7FE8C6340B47}.Release|Any CPU.ActiveCfg = Release|Any CPU
		{6448F1D2-F9B6-429F-8B59-7FE8C6340B47}.Release|Any CPU.Build.0 = Release|Any CPU
		{6448F1D2-F9B6-429F-8B59-7FE8C6340B47}.Release|Any CPU.Deploy.0 = Release|Any CPU
		{6448F1D2-F9B6-429F-8B59-7FE8C6340B47}.Release|iPhone.ActiveCfg = Release|Any CPU
		{6448F1D2-F9B6-429F-8B59-7FE8C6340B47}.Release|iPhoneSimulator.ActiveCfg = Release|Any CPU
		{6448F1D2-F9B6-429F-8B59-7FE8C6340B47}.Release|Mixed Platforms.ActiveCfg = Release|Any CPU
		{6448F1D2-F9B6-429F-8B59-7FE8C6340B47}.Release|Mixed Platforms.Build.0 = Release|Any CPU
		{6448F1D2-F9B6-429F-8B59-7FE8C6340B47}.Release|Mixed Platforms.Deploy.0 = Release|Any CPU
	EndGlobalSection
	GlobalSection(SolutionProperties) = preSolution
		HideSolutionNode = FALSE
	EndGlobalSection
EndGlobal
